
Microsoft Visual Studio Solution File, Format Version 12.00
# Visual Studio Version 16
VisualStudioVersion = 16.0.31613.86
MinimumVisualStudioVersion = 10.0.40219.1
Project("{FAE04EC0-301F-11D3-BF4B-00C04F79EFBC}") = "Umfrage Auswetung", "Umfrage Auswetung.csproj", "{7E243B82-ED54-4E80-B4B6-DC066B897CA0}"
EndProject
Project("{FAE04EC0-301F-11D3-BF4B-00C04F79EFBC}") = "StandartWindows", "D:\Privat\StandartWindows\StandartWindows.csproj", "{8985A5C4-B134-439E-A223-3558E55D72D2}"
EndProject
Global
	GlobalSection(SolutionConfigurationPlatforms) = preSolution
		Debug|Any CPU = Debug|Any CPU
		Release|Any CPU = Release|Any CPU
	EndGlobalSection
	GlobalSection(ProjectConfigurationPlatforms) = postSolution
		{7E243B82-ED54-4E80-B4B6-DC066B897CA0}.Debug|Any CPU.ActiveCfg = Debug|Any CPU
		{7E243B82-ED54-4E80-B4B6-DC066B897CA0}.Debug|Any CPU.Build.0 = Debug|Any CPU
		{7E243B82-ED54-4E80-B4B6-DC066B897CA0}.Release|Any CPU.ActiveCfg = Release|Any CPU
		{7E243B82-ED54-4E80-B4B6-DC066B897CA0}.Release|Any CPU.Build.0 = Release|Any CPU
		{8985A5C4-B134-439E-A223-3558E55D72D2}.Debug|Any CPU.ActiveCfg = Debug|Any CPU
		{8985A5C4-B134-439E-A223-3558E55D72D2}.Debug|Any CPU.Build.0 = Debug|Any CPU
		{8985A5C4-B134-439E-A223-3558E55D72D2}.Release|Any CPU.ActiveCfg = Release|Any CPU
		{8985A5C4-B134-439E-A223-3558E55D72D2}.Release|Any CPU.Build.0 = Release|Any CPU
	EndGlobalSection
	GlobalSection(SolutionProperties) = preSolution
		HideSolutionNode = FALSE
	EndGlobalSection
	GlobalSection(ExtensibilityGlobals) = postSolution
		SolutionGuid = {0EBFA9BB-434E-4613-897A-90EB5B501212}
	EndGlobalSection
EndGlobal
